// !$*UTF8*$!
{
	archiveVersion = 1;
	classes = {
	};
	objectVersion = 46;
	objects = {

/* Begin PBXBuildFile section */
		1C40315617C5FB1F007D58CC /* client-pin.png in Resources */ = {isa = PBXBuildFile; fileRef = 1C40315517C5FB1F007D58CC /* client-pin.png */; };
		1C65E2E417C33CE100FA94B2 /* MapKit.framework in Frameworks */ = {isa = PBXBuildFile; fileRef = 1C65E2E317C33CE100FA94B2 /* MapKit.framework */; };
		1C65E2E617C33D6700FA94B2 /* TCRouteMapView.xib in Resources */ = {isa = PBXBuildFile; fileRef = 1C65E2E517C33D6700FA94B2 /* TCRouteMapView.xib */; };
		1C65E2E817C3416B00FA94B2 /* TCRouteTableView.xib in Resources */ = {isa = PBXBuildFile; fileRef = 1C65E2E717C3416B00FA94B2 /* TCRouteTableView.xib */; };
		1C65E2EB17C346A600FA94B2 /* TCRouteMapViewController.m in Sources */ = {isa = PBXBuildFile; fileRef = 1C65E2EA17C346A600FA94B2 /* TCRouteMapViewController.m */; };
		1C713BF017C2058100A903A6 /* UIKit.framework in Frameworks */ = {isa = PBXBuildFile; fileRef = 1C713BEF17C2058100A903A6 /* UIKit.framework */; };
		1C713BF217C2058100A903A6 /* Foundation.framework in Frameworks */ = {isa = PBXBuildFile; fileRef = 1C713BF117C2058100A903A6 /* Foundation.framework */; };
		1C713BF417C2058100A903A6 /* CoreGraphics.framework in Frameworks */ = {isa = PBXBuildFile; fileRef = 1C713BF317C2058100A903A6 /* CoreGraphics.framework */; };
		1C713BFA17C2058100A903A6 /* InfoPlist.strings in Resources */ = {isa = PBXBuildFile; fileRef = 1C713BF817C2058100A903A6 /* InfoPlist.strings */; };
		1C713BFC17C2058100A903A6 /* main.m in Sources */ = {isa = PBXBuildFile; fileRef = 1C713BFB17C2058100A903A6 /* main.m */; };
		1C713C0017C2058100A903A6 /* TCAppDelegate.m in Sources */ = {isa = PBXBuildFile; fileRef = 1C713BFF17C2058100A903A6 /* TCAppDelegate.m */; };
		1C713C0217C2058100A903A6 /* Default.png in Resources */ = {isa = PBXBuildFile; fileRef = 1C713C0117C2058100A903A6 /* Default.png */; };
		1C713C0417C2058100A903A6 /* Default@2x.png in Resources */ = {isa = PBXBuildFile; fileRef = 1C713C0317C2058100A903A6 /* Default@2x.png */; };
		1C713C0617C2058100A903A6 /* Default-568h@2x.png in Resources */ = {isa = PBXBuildFile; fileRef = 1C713C0517C2058100A903A6 /* Default-568h@2x.png */; };
		1C713C0917C2058100A903A6 /* TCViewController.m in Sources */ = {isa = PBXBuildFile; fileRef = 1C713C0817C2058100A903A6 /* TCViewController.m */; };
		1C713C0C17C2058100A903A6 /* TCViewController.xib in Resources */ = {isa = PBXBuildFile; fileRef = 1C713C0A17C2058100A903A6 /* TCViewController.xib */; };
		1C713C1417C2058100A903A6 /* SenTestingKit.framework in Frameworks */ = {isa = PBXBuildFile; fileRef = 1C713C1317C2058100A903A6 /* SenTestingKit.framework */; };
		1C713C1517C2058100A903A6 /* UIKit.framework in Frameworks */ = {isa = PBXBuildFile; fileRef = 1C713BEF17C2058100A903A6 /* UIKit.framework */; };
		1C713C1617C2058100A903A6 /* Foundation.framework in Frameworks */ = {isa = PBXBuildFile; fileRef = 1C713BF117C2058100A903A6 /* Foundation.framework */; };
		1C713C1E17C2058100A903A6 /* InfoPlist.strings in Resources */ = {isa = PBXBuildFile; fileRef = 1C713C1C17C2058100A903A6 /* InfoPlist.strings */; };
		1C713C2117C2058100A903A6 /* TorchTests.m in Sources */ = {isa = PBXBuildFile; fileRef = 1C713C2017C2058100A903A6 /* TorchTests.m */; };
		1C8187A517C4569D00AF7AF0 /* TCMyDayCell.xib in Resources */ = {isa = PBXBuildFile; fileRef = 1C8187A417C4569D00AF7AF0 /* TCMyDayCell.xib */; };
		1C8187A817C45A0B00AF7AF0 /* TCMyDayController.m in Sources */ = {isa = PBXBuildFile; fileRef = 1C8187A717C45A0B00AF7AF0 /* TCMyDayController.m */; };
		1C8187AB17C490CA00AF7AF0 /* HelveticaNeueLTCom-Lt.ttf in Resources */ = {isa = PBXBuildFile; fileRef = 1C8187AA17C490CA00AF7AF0 /* HelveticaNeueLTCom-Lt.ttf */; };
		1C8187AD17C4930400AF7AF0 /* HelveticaNeueLTCom-Bd.ttf in Resources */ = {isa = PBXBuildFile; fileRef = 1C8187AC17C4930400AF7AF0 /* HelveticaNeueLTCom-Bd.ttf */; };
		1C8187AF17C4969D00AF7AF0 /* HelveticaNeueLTCom-Md.ttf in Resources */ = {isa = PBXBuildFile; fileRef = 1C8187AE17C4969D00AF7AF0 /* HelveticaNeueLTCom-Md.ttf */; };
		1CA64AF817C6F54D004D58B9 /* CoreLocation.framework in Frameworks */ = {isa = PBXBuildFile; fileRef = 1CE7C73B17C5E5B6008B0F2C /* CoreLocation.framework */; };
		829F9074DC7949F595F20110 /* libPods.a in Frameworks */ = {isa = PBXBuildFile; fileRef = 0720A63C03844476B25F3606 /* libPods.a */; };
		C5C26C4B17C4A37F0090CDC1 /* img__line.png in Resources */ = {isa = PBXBuildFile; fileRef = C5C26C4A17C4A37F0090CDC1 /* img__line.png */; };
		C5C26C4F17C4A5E70090CDC1 /* TCStoreHomeView.m in Sources */ = {isa = PBXBuildFile; fileRef = C5C26C4D17C4A5E70090CDC1 /* TCStoreHomeView.m */; };
		C5C26C5017C4A5E70090CDC1 /* TCStoreHomeView.xib in Resources */ = {isa = PBXBuildFile; fileRef = C5C26C4E17C4A5E70090CDC1 /* TCStoreHomeView.xib */; };
		C5C26C5417C5A5200090CDC1 /* sliderbg.png in Resources */ = {isa = PBXBuildFile; fileRef = C5C26C5317C5A5200090CDC1 /* sliderbg.png */; };
		D6CB682117C4A04500D290D7 /* TCInventoryViewController.m in Sources */ = {isa = PBXBuildFile; fileRef = D6CB681F17C4A04500D290D7 /* TCInventoryViewController.m */; };
		D6CB682217C4A04500D290D7 /* TCInventoryViewController.xib in Resources */ = {isa = PBXBuildFile; fileRef = D6CB682017C4A04500D290D7 /* TCInventoryViewController.xib */; };
		D6CB682417C5A65600D290D7 /* InventoryTableCell.xib in Resources */ = {isa = PBXBuildFile; fileRef = D6CB682317C5A65600D290D7 /* InventoryTableCell.xib */; };
		D6CB682717C5A98A00D290D7 /* InventoryTableCell.m in Sources */ = {isa = PBXBuildFile; fileRef = D6CB682617C5A98A00D290D7 /* InventoryTableCell.m */; };
		D6D2EC7617C4897400D12795 /* TCPriorityViewController.m in Sources */ = {isa = PBXBuildFile; fileRef = D6D2EC7417C4897400D12795 /* TCPriorityViewController.m */; };
		D6D2EC7717C4897400D12795 /* TCPriorityViewController.xib in Resources */ = {isa = PBXBuildFile; fileRef = D6D2EC7517C4897400D12795 /* TCPriorityViewController.xib */; };
		DC0383A417C3044300BBD02A /* HersheysLogo.png in Resources */ = {isa = PBXBuildFile; fileRef = DC0383A217C3044300BBD02A /* HersheysLogo.png */; };
		DC0383A917C3067B00BBD02A /* TCLoginViewController.xib in Resources */ = {isa = PBXBuildFile; fileRef = DC0383A817C3067B00BBD02A /* TCLoginViewController.xib */; };
		DC0383C617C3455A00BBD02A /* UIViewController+Utils.m in Sources */ = {isa = PBXBuildFile; fileRef = DC0383C517C3455A00BBD02A /* UIViewController+Utils.m */; };
		DC0383C917C3463C00BBD02A /* TCLoginViewController.m in Sources */ = {isa = PBXBuildFile; fileRef = DC0383C817C3463C00BBD02A /* TCLoginViewController.m */; };
		DC0383CC17C3469700BBD02A /* Localizable.strings in Resources */ = {isa = PBXBuildFile; fileRef = DC0383CE17C3469700BBD02A /* Localizable.strings */; };
		DC0383D117C360F400BBD02A /* TCDisclaimerVwCtl.m in Sources */ = {isa = PBXBuildFile; fileRef = DC0383D017C360F400BBD02A /* TCDisclaimerVwCtl.m */; };
		DC0383D317C3614100BBD02A /* TCDisclaimerVwCtl.xib in Resources */ = {isa = PBXBuildFile; fileRef = DC0383D217C3614100BBD02A /* TCDisclaimerVwCtl.xib */; };
		DC0383D617C453F900BBD02A /* TCBaseVwCtl.m in Sources */ = {isa = PBXBuildFile; fileRef = DC0383D517C453F900BBD02A /* TCBaseVwCtl.m */; };
		DC0383D817C45C5000BBD02A /* HersheysBG.png in Resources */ = {isa = PBXBuildFile; fileRef = DC0383D717C45C5000BBD02A /* HersheysBG.png */; };
		DC0383DF17C4CE7F00BBD02A /* loginBtn_bg.png in Resources */ = {isa = PBXBuildFile; fileRef = DC0383DD17C4CE7F00BBD02A /* loginBtn_bg.png */; };
		DC0383E017C4CE7F00BBD02A /* loginBtn_border.png in Resources */ = {isa = PBXBuildFile; fileRef = DC0383DE17C4CE7F00BBD02A /* loginBtn_border.png */; };
		DC51EA0B17C5A2BE00E5DD3C /* UIViewController+Torch.m in Sources */ = {isa = PBXBuildFile; fileRef = DC51EA0A17C5A2BE00E5DD3C /* UIViewController+Torch.m */; };
		DC9979C317C5D4510044C917 /* navbar_bg.png in Resources */ = {isa = PBXBuildFile; fileRef = DC9979C117C5D4510044C917 /* navbar_bg.png */; };
		DC9979C417C5D4510044C917 /* navbar_righticon.png in Resources */ = {isa = PBXBuildFile; fileRef = DC9979C217C5D4510044C917 /* navbar_righticon.png */; };
		DC997A0217C60A010044C917 /* TCNavVwCtl.m in Sources */ = {isa = PBXBuildFile; fileRef = DC997A0117C60A010044C917 /* TCNavVwCtl.m */; };
/* End PBXBuildFile section */

/* Begin PBXContainerItemProxy section */
		1C713C1717C2058100A903A6 /* PBXContainerItemProxy */ = {
			isa = PBXContainerItemProxy;
			containerPortal = 1C713BE417C2058000A903A6 /* Project object */;
			proxyType = 1;
			remoteGlobalIDString = 1C713BEB17C2058000A903A6;
			remoteInfo = Torch;
		};
/* End PBXContainerItemProxy section */

/* Begin PBXFileReference section */
		0720A63C03844476B25F3606 /* libPods.a */ = {isa = PBXFileReference; explicitFileType = archive.ar; includeInIndex = 0; path = libPods.a; sourceTree = BUILT_PRODUCTS_DIR; };
		1C40315517C5FB1F007D58CC /* client-pin.png */ = {isa = PBXFileReference; lastKnownFileType = image.png; path = "client-pin.png"; sourceTree = "<group>"; };
		1C65E2E317C33CE100FA94B2 /* MapKit.framework */ = {isa = PBXFileReference; lastKnownFileType = wrapper.framework; name = MapKit.framework; path = System/Library/Frameworks/MapKit.framework; sourceTree = SDKROOT; };
		1C65E2E517C33D6700FA94B2 /* TCRouteMapView.xib */ = {isa = PBXFileReference; fileEncoding = 4; lastKnownFileType = file.xib; path = TCRouteMapView.xib; sourceTree = "<group>"; };
		1C65E2E717C3416B00FA94B2 /* TCRouteTableView.xib */ = {isa = PBXFileReference; fileEncoding = 4; lastKnownFileType = file.xib; path = TCRouteTableView.xib; sourceTree = "<group>"; };
		1C65E2E917C346A600FA94B2 /* TCRouteMapViewController.h */ = {isa = PBXFileReference; fileEncoding = 4; lastKnownFileType = sourcecode.c.h; path = TCRouteMapViewController.h; sourceTree = "<group>"; };
		1C65E2EA17C346A600FA94B2 /* TCRouteMapViewController.m */ = {isa = PBXFileReference; fileEncoding = 4; lastKnownFileType = sourcecode.c.objc; path = TCRouteMapViewController.m; sourceTree = "<group>"; };
		1C713BEC17C2058000A903A6 /* Torch.app */ = {isa = PBXFileReference; explicitFileType = wrapper.application; includeInIndex = 0; path = Torch.app; sourceTree = BUILT_PRODUCTS_DIR; };
		1C713BEF17C2058100A903A6 /* UIKit.framework */ = {isa = PBXFileReference; lastKnownFileType = wrapper.framework; name = UIKit.framework; path = System/Library/Frameworks/UIKit.framework; sourceTree = SDKROOT; };
		1C713BF117C2058100A903A6 /* Foundation.framework */ = {isa = PBXFileReference; lastKnownFileType = wrapper.framework; name = Foundation.framework; path = System/Library/Frameworks/Foundation.framework; sourceTree = SDKROOT; };
		1C713BF317C2058100A903A6 /* CoreGraphics.framework */ = {isa = PBXFileReference; lastKnownFileType = wrapper.framework; name = CoreGraphics.framework; path = System/Library/Frameworks/CoreGraphics.framework; sourceTree = SDKROOT; };
		1C713BF717C2058100A903A6 /* Torch-Info.plist */ = {isa = PBXFileReference; lastKnownFileType = text.plist.xml; path = "Torch-Info.plist"; sourceTree = "<group>"; };
		1C713BF917C2058100A903A6 /* en */ = {isa = PBXFileReference; lastKnownFileType = text.plist.strings; name = en; path = en.lproj/InfoPlist.strings; sourceTree = "<group>"; };
		1C713BFB17C2058100A903A6 /* main.m */ = {isa = PBXFileReference; lastKnownFileType = sourcecode.c.objc; path = main.m; sourceTree = "<group>"; };
		1C713BFD17C2058100A903A6 /* Torch-Prefix.pch */ = {isa = PBXFileReference; lastKnownFileType = sourcecode.c.h; path = "Torch-Prefix.pch"; sourceTree = "<group>"; };
		1C713BFE17C2058100A903A6 /* TCAppDelegate.h */ = {isa = PBXFileReference; lastKnownFileType = sourcecode.c.h; path = TCAppDelegate.h; sourceTree = "<group>"; };
		1C713BFF17C2058100A903A6 /* TCAppDelegate.m */ = {isa = PBXFileReference; lastKnownFileType = sourcecode.c.objc; path = TCAppDelegate.m; sourceTree = "<group>"; };
		1C713C0117C2058100A903A6 /* Default.png */ = {isa = PBXFileReference; lastKnownFileType = image.png; path = Default.png; sourceTree = "<group>"; };
		1C713C0317C2058100A903A6 /* Default@2x.png */ = {isa = PBXFileReference; lastKnownFileType = image.png; path = "Default@2x.png"; sourceTree = "<group>"; };
		1C713C0517C2058100A903A6 /* Default-568h@2x.png */ = {isa = PBXFileReference; lastKnownFileType = image.png; path = "Default-568h@2x.png"; sourceTree = "<group>"; };
		1C713C0717C2058100A903A6 /* TCViewController.h */ = {isa = PBXFileReference; lastKnownFileType = sourcecode.c.h; path = TCViewController.h; sourceTree = "<group>"; };
		1C713C0817C2058100A903A6 /* TCViewController.m */ = {isa = PBXFileReference; lastKnownFileType = sourcecode.c.objc; path = TCViewController.m; sourceTree = "<group>"; };
		1C713C0B17C2058100A903A6 /* en */ = {isa = PBXFileReference; lastKnownFileType = file.xib; name = en; path = en.lproj/TCViewController.xib; sourceTree = "<group>"; };
		1C713C1217C2058100A903A6 /* TorchTests.octest */ = {isa = PBXFileReference; explicitFileType = wrapper.cfbundle; includeInIndex = 0; path = TorchTests.octest; sourceTree = BUILT_PRODUCTS_DIR; };
		1C713C1317C2058100A903A6 /* SenTestingKit.framework */ = {isa = PBXFileReference; lastKnownFileType = wrapper.framework; name = SenTestingKit.framework; path = Library/Frameworks/SenTestingKit.framework; sourceTree = DEVELOPER_DIR; };
		1C713C1B17C2058100A903A6 /* TorchTests-Info.plist */ = {isa = PBXFileReference; lastKnownFileType = text.plist.xml; path = "TorchTests-Info.plist"; sourceTree = "<group>"; };
		1C713C1D17C2058100A903A6 /* en */ = {isa = PBXFileReference; lastKnownFileType = text.plist.strings; name = en; path = en.lproj/InfoPlist.strings; sourceTree = "<group>"; };
		1C713C1F17C2058100A903A6 /* TorchTests.h */ = {isa = PBXFileReference; lastKnownFileType = sourcecode.c.h; path = TorchTests.h; sourceTree = "<group>"; };
		1C713C2017C2058100A903A6 /* TorchTests.m */ = {isa = PBXFileReference; lastKnownFileType = sourcecode.c.objc; path = TorchTests.m; sourceTree = "<group>"; };
		1C8187A417C4569D00AF7AF0 /* TCMyDayCell.xib */ = {isa = PBXFileReference; fileEncoding = 4; lastKnownFileType = file.xib; path = TCMyDayCell.xib; sourceTree = "<group>"; };
		1C8187A617C45A0B00AF7AF0 /* TCMyDayController.h */ = {isa = PBXFileReference; fileEncoding = 4; lastKnownFileType = sourcecode.c.h; path = TCMyDayController.h; sourceTree = "<group>"; };
		1C8187A717C45A0B00AF7AF0 /* TCMyDayController.m */ = {isa = PBXFileReference; fileEncoding = 4; lastKnownFileType = sourcecode.c.objc; path = TCMyDayController.m; sourceTree = "<group>"; };
		1C8187AA17C490CA00AF7AF0 /* HelveticaNeueLTCom-Lt.ttf */ = {isa = PBXFileReference; lastKnownFileType = file; name = "HelveticaNeueLTCom-Lt.ttf"; path = "fonts/HelveticaNeueLTCom-Lt.ttf"; sourceTree = "<group>"; };
		1C8187AC17C4930400AF7AF0 /* HelveticaNeueLTCom-Bd.ttf */ = {isa = PBXFileReference; lastKnownFileType = file; name = "HelveticaNeueLTCom-Bd.ttf"; path = "fonts/HelveticaNeueLTCom-Bd.ttf"; sourceTree = "<group>"; };
		1C8187AE17C4969D00AF7AF0 /* HelveticaNeueLTCom-Md.ttf */ = {isa = PBXFileReference; lastKnownFileType = file; name = "HelveticaNeueLTCom-Md.ttf"; path = "fonts/HelveticaNeueLTCom-Md.ttf"; sourceTree = "<group>"; };
		1CE7C73B17C5E5B6008B0F2C /* CoreLocation.framework */ = {isa = PBXFileReference; lastKnownFileType = wrapper.framework; name = CoreLocation.framework; path = System/Library/Frameworks/CoreLocation.framework; sourceTree = SDKROOT; };
		C5C26C4A17C4A37F0090CDC1 /* img__line.png */ = {isa = PBXFileReference; lastKnownFileType = image.png; path = img__line.png; sourceTree = "<group>"; };
		C5C26C4C17C4A5E70090CDC1 /* TCStoreHomeView.h */ = {isa = PBXFileReference; fileEncoding = 4; lastKnownFileType = sourcecode.c.h; path = TCStoreHomeView.h; sourceTree = "<group>"; };
		C5C26C4D17C4A5E70090CDC1 /* TCStoreHomeView.m */ = {isa = PBXFileReference; fileEncoding = 4; lastKnownFileType = sourcecode.c.objc; path = TCStoreHomeView.m; sourceTree = "<group>"; };
		C5C26C4E17C4A5E70090CDC1 /* TCStoreHomeView.xib */ = {isa = PBXFileReference; fileEncoding = 4; lastKnownFileType = file.xib; path = TCStoreHomeView.xib; sourceTree = "<group>"; };
		C5C26C5317C5A5200090CDC1 /* sliderbg.png */ = {isa = PBXFileReference; lastKnownFileType = image.png; path = sliderbg.png; sourceTree = "<group>"; };
		C5C26C5517C5D5780090CDC1 /* Button-DirectionsBg.png */ = {isa = PBXFileReference; lastKnownFileType = image.png; path = "Button-DirectionsBg.png"; sourceTree = "<group>"; };
		C5C26C5617C5D5780090CDC1 /* Button-View-Store.png */ = {isa = PBXFileReference; lastKnownFileType = image.png; path = "Button-View-Store.png"; sourceTree = "<group>"; };
		D6CB681E17C4A04500D290D7 /* TCInventoryViewController.h */ = {isa = PBXFileReference; fileEncoding = 4; lastKnownFileType = sourcecode.c.h; path = TCInventoryViewController.h; sourceTree = "<group>"; };
		D6CB681F17C4A04500D290D7 /* TCInventoryViewController.m */ = {isa = PBXFileReference; fileEncoding = 4; lastKnownFileType = sourcecode.c.objc; path = TCInventoryViewController.m; sourceTree = "<group>"; };
		D6CB682017C4A04500D290D7 /* TCInventoryViewController.xib */ = {isa = PBXFileReference; fileEncoding = 4; lastKnownFileType = file.xib; path = TCInventoryViewController.xib; sourceTree = "<group>"; };
		D6CB682317C5A65600D290D7 /* InventoryTableCell.xib */ = {isa = PBXFileReference; fileEncoding = 4; lastKnownFileType = file.xib; name = InventoryTableCell.xib; path = ../InventoryTableCell.xib; sourceTree = "<group>"; };
		D6CB682517C5A98A00D290D7 /* InventoryTableCell.h */ = {isa = PBXFileReference; fileEncoding = 4; lastKnownFileType = sourcecode.c.h; name = InventoryTableCell.h; path = ../InventoryTableCell.h; sourceTree = "<group>"; };
		D6CB682617C5A98A00D290D7 /* InventoryTableCell.m */ = {isa = PBXFileReference; fileEncoding = 4; lastKnownFileType = sourcecode.c.objc; name = InventoryTableCell.m; path = ../InventoryTableCell.m; sourceTree = "<group>"; };
		D6D2EC7317C4897400D12795 /* TCPriorityViewController.h */ = {isa = PBXFileReference; fileEncoding = 4; lastKnownFileType = sourcecode.c.h; path = TCPriorityViewController.h; sourceTree = "<group>"; };
		D6D2EC7417C4897400D12795 /* TCPriorityViewController.m */ = {isa = PBXFileReference; fileEncoding = 4; lastKnownFileType = sourcecode.c.objc; path = TCPriorityViewController.m; sourceTree = "<group>"; };
		D6D2EC7517C4897400D12795 /* TCPriorityViewController.xib */ = {isa = PBXFileReference; fileEncoding = 4; lastKnownFileType = file.xib; path = TCPriorityViewController.xib; sourceTree = "<group>"; };
		DC0383A217C3044300BBD02A /* HersheysLogo.png */ = {isa = PBXFileReference; lastKnownFileType = image.png; path = HersheysLogo.png; sourceTree = "<group>"; };
		DC0383A817C3067B00BBD02A /* TCLoginViewController.xib */ = {isa = PBXFileReference; fileEncoding = 4; lastKnownFileType = file.xib; path = TCLoginViewController.xib; sourceTree = "<group>"; };
		DC0383C417C3455A00BBD02A /* UIViewController+Utils.h */ = {isa = PBXFileReference; fileEncoding = 4; lastKnownFileType = sourcecode.c.h; path = "UIViewController+Utils.h"; sourceTree = "<group>"; };
		DC0383C517C3455A00BBD02A /* UIViewController+Utils.m */ = {isa = PBXFileReference; fileEncoding = 4; lastKnownFileType = sourcecode.c.objc; path = "UIViewController+Utils.m"; sourceTree = "<group>"; };
		DC0383C717C3463C00BBD02A /* TCLoginViewController.h */ = {isa = PBXFileReference; fileEncoding = 4; lastKnownFileType = sourcecode.c.h; path = TCLoginViewController.h; sourceTree = "<group>"; };
		DC0383C817C3463C00BBD02A /* TCLoginViewController.m */ = {isa = PBXFileReference; fileEncoding = 4; lastKnownFileType = sourcecode.c.objc; path = TCLoginViewController.m; sourceTree = "<group>"; };
		DC0383CD17C3469700BBD02A /* en */ = {isa = PBXFileReference; lastKnownFileType = text.plist.strings; name = en; path = en.lproj/Localizable.strings; sourceTree = "<group>"; };
		DC0383CF17C360F400BBD02A /* TCDisclaimerVwCtl.h */ = {isa = PBXFileReference; fileEncoding = 4; lastKnownFileType = sourcecode.c.h; path = TCDisclaimerVwCtl.h; sourceTree = "<group>"; };
		DC0383D017C360F400BBD02A /* TCDisclaimerVwCtl.m */ = {isa = PBXFileReference; fileEncoding = 4; lastKnownFileType = sourcecode.c.objc; path = TCDisclaimerVwCtl.m; sourceTree = "<group>"; };
		DC0383D217C3614100BBD02A /* TCDisclaimerVwCtl.xib */ = {isa = PBXFileReference; fileEncoding = 4; lastKnownFileType = file.xib; path = TCDisclaimerVwCtl.xib; sourceTree = "<group>"; };
		DC0383D417C453F900BBD02A /* TCBaseVwCtl.h */ = {isa = PBXFileReference; fileEncoding = 4; lastKnownFileType = sourcecode.c.h; path = TCBaseVwCtl.h; sourceTree = "<group>"; };
		DC0383D517C453F900BBD02A /* TCBaseVwCtl.m */ = {isa = PBXFileReference; fileEncoding = 4; lastKnownFileType = sourcecode.c.objc; path = TCBaseVwCtl.m; sourceTree = "<group>"; };
		DC0383D717C45C5000BBD02A /* HersheysBG.png */ = {isa = PBXFileReference; lastKnownFileType = image.png; path = HersheysBG.png; sourceTree = "<group>"; };
		DC0383DD17C4CE7F00BBD02A /* loginBtn_bg.png */ = {isa = PBXFileReference; lastKnownFileType = image.png; path = loginBtn_bg.png; sourceTree = "<group>"; };
		DC0383DE17C4CE7F00BBD02A /* loginBtn_border.png */ = {isa = PBXFileReference; lastKnownFileType = image.png; path = loginBtn_border.png; sourceTree = "<group>"; };
		DC51EA0917C5A2BE00E5DD3C /* UIViewController+Torch.h */ = {isa = PBXFileReference; fileEncoding = 4; lastKnownFileType = sourcecode.c.h; path = "UIViewController+Torch.h"; sourceTree = "<group>"; };
		DC51EA0A17C5A2BE00E5DD3C /* UIViewController+Torch.m */ = {isa = PBXFileReference; fileEncoding = 4; lastKnownFileType = sourcecode.c.objc; path = "UIViewController+Torch.m"; sourceTree = "<group>"; };
		DC9979C117C5D4510044C917 /* navbar_bg.png */ = {isa = PBXFileReference; lastKnownFileType = image.png; path = navbar_bg.png; sourceTree = "<group>"; };
		DC9979C217C5D4510044C917 /* navbar_righticon.png */ = {isa = PBXFileReference; lastKnownFileType = image.png; path = navbar_righticon.png; sourceTree = "<group>"; };
		DC997A0017C60A010044C917 /* TCNavVwCtl.h */ = {isa = PBXFileReference; fileEncoding = 4; lastKnownFileType = sourcecode.c.h; path = TCNavVwCtl.h; sourceTree = "<group>"; };
		DC997A0117C60A010044C917 /* TCNavVwCtl.m */ = {isa = PBXFileReference; fileEncoding = 4; lastKnownFileType = sourcecode.c.objc; path = TCNavVwCtl.m; sourceTree = "<group>"; };
		FE8E8F30F3C5471C8179E1E7 /* Pods.xcconfig */ = {isa = PBXFileReference; includeInIndex = 1; lastKnownFileType = text.xcconfig; name = Pods.xcconfig; path = ../Pods/Pods.xcconfig; sourceTree = SOURCE_ROOT; };
/* End PBXFileReference section */

/* Begin PBXFrameworksBuildPhase section */
		1C713BE917C2058000A903A6 /* Frameworks */ = {
			isa = PBXFrameworksBuildPhase;
			buildActionMask = 2147483647;
			files = (
				1C65E2E417C33CE100FA94B2 /* MapKit.framework in Frameworks */,
				1C713BF017C2058100A903A6 /* UIKit.framework in Frameworks */,
				1CA64AF817C6F54D004D58B9 /* CoreLocation.framework in Frameworks */,
				1C713BF217C2058100A903A6 /* Foundation.framework in Frameworks */,
				1C713BF417C2058100A903A6 /* CoreGraphics.framework in Frameworks */,
				829F9074DC7949F595F20110 /* libPods.a in Frameworks */,
			);
			runOnlyForDeploymentPostprocessing = 0;
		};
		1C713C0E17C2058100A903A6 /* Frameworks */ = {
			isa = PBXFrameworksBuildPhase;
			buildActionMask = 2147483647;
			files = (
				1C713C1417C2058100A903A6 /* SenTestingKit.framework in Frameworks */,
				1C713C1517C2058100A903A6 /* UIKit.framework in Frameworks */,
				1C713C1617C2058100A903A6 /* Foundation.framework in Frameworks */,
			);
			runOnlyForDeploymentPostprocessing = 0;
		};
/* End PBXFrameworksBuildPhase section */

/* Begin PBXGroup section */
		1C713BE317C2058000A903A6 = {
			isa = PBXGroup;
			children = (
				DC0383A117C3044300BBD02A /* Res */,
				1C713BF517C2058100A903A6 /* Torch */,
				1C713C1917C2058100A903A6 /* TorchTests */,
				1C713BEE17C2058000A903A6 /* Frameworks */,
				1C713BED17C2058000A903A6 /* Products */,
				FE8E8F30F3C5471C8179E1E7 /* Pods.xcconfig */,
			);
			sourceTree = "<group>";
		};
		1C713BED17C2058000A903A6 /* Products */ = {
			isa = PBXGroup;
			children = (
				1C713BEC17C2058000A903A6 /* Torch.app */,
				1C713C1217C2058100A903A6 /* TorchTests.octest */,
			);
			name = Products;
			sourceTree = "<group>";
		};
		1C713BEE17C2058000A903A6 /* Frameworks */ = {
			isa = PBXGroup;
			children = (
				1CE7C73B17C5E5B6008B0F2C /* CoreLocation.framework */,
				1C65E2E317C33CE100FA94B2 /* MapKit.framework */,
				1C713BEF17C2058100A903A6 /* UIKit.framework */,
				1C713BF117C2058100A903A6 /* Foundation.framework */,
				1C713BF317C2058100A903A6 /* CoreGraphics.framework */,
				1C713C1317C2058100A903A6 /* SenTestingKit.framework */,
				0720A63C03844476B25F3606 /* libPods.a */,
			);
			name = Frameworks;
			sourceTree = "<group>";
		};
		1C713BF517C2058100A903A6 /* Torch */ = {
			isa = PBXGroup;
			children = (
				1C8187A917C490B700AF7AF0 /* Fonts */,
				DC0383C317C343D500BBD02A /* Utils */,
				DC0383A717C305C800BBD02A /* View */,
				DC0383A617C3058500BBD02A /* Controller */,
				1C713BFE17C2058100A903A6 /* TCAppDelegate.h */,
				1C713BFF17C2058100A903A6 /* TCAppDelegate.m */,
				1C713BF617C2058100A903A6 /* Supporting Files */,
			);
			path = Torch;
			sourceTree = "<group>";
		};
		1C713BF617C2058100A903A6 /* Supporting Files */ = {
			isa = PBXGroup;
			children = (
				1C713BF717C2058100A903A6 /* Torch-Info.plist */,
				1C713BF817C2058100A903A6 /* InfoPlist.strings */,
				1C713BFB17C2058100A903A6 /* main.m */,
				1C713BFD17C2058100A903A6 /* Torch-Prefix.pch */,
				1C713C0117C2058100A903A6 /* Default.png */,
				1C713C0317C2058100A903A6 /* Default@2x.png */,
				1C713C0517C2058100A903A6 /* Default-568h@2x.png */,
				DC0383CE17C3469700BBD02A /* Localizable.strings */,
			);
			name = "Supporting Files";
			sourceTree = "<group>";
		};
		1C713C1917C2058100A903A6 /* TorchTests */ = {
			isa = PBXGroup;
			children = (
				1C713C1F17C2058100A903A6 /* TorchTests.h */,
				1C713C2017C2058100A903A6 /* TorchTests.m */,
				1C713C1A17C2058100A903A6 /* Supporting Files */,
			);
			path = TorchTests;
			sourceTree = "<group>";
		};
		1C713C1A17C2058100A903A6 /* Supporting Files */ = {
			isa = PBXGroup;
			children = (
				1C713C1B17C2058100A903A6 /* TorchTests-Info.plist */,
				1C713C1C17C2058100A903A6 /* InfoPlist.strings */,
			);
			name = "Supporting Files";
			sourceTree = "<group>";
		};
		1C8187A917C490B700AF7AF0 /* Fonts */ = {
			isa = PBXGroup;
			children = (
				1C8187AE17C4969D00AF7AF0 /* HelveticaNeueLTCom-Md.ttf */,
				1C8187AC17C4930400AF7AF0 /* HelveticaNeueLTCom-Bd.ttf */,
				1C8187AA17C490CA00AF7AF0 /* HelveticaNeueLTCom-Lt.ttf */,
			);
			name = Fonts;
			sourceTree = "<group>";
		};
		DC0383A117C3044300BBD02A /* Res */ = {
			isa = PBXGroup;
			children = (
				1C40315517C5FB1F007D58CC /* client-pin.png */,
				DC9979C117C5D4510044C917 /* navbar_bg.png */,
				DC9979C217C5D4510044C917 /* navbar_righticon.png */,
				C5C26C5517C5D5780090CDC1 /* Button-DirectionsBg.png */,
				C5C26C5617C5D5780090CDC1 /* Button-View-Store.png */,
				DC0383DD17C4CE7F00BBD02A /* loginBtn_bg.png */,
				DC0383DE17C4CE7F00BBD02A /* loginBtn_border.png */,
				C5C26C5317C5A5200090CDC1 /* sliderbg.png */,
				DC0383D717C45C5000BBD02A /* HersheysBG.png */,
				DC0383A217C3044300BBD02A /* HersheysLogo.png */,
				C5C26C4A17C4A37F0090CDC1 /* img__line.png */,
			);
			path = Res;
			sourceTree = "<group>";
		};
		DC0383A617C3058500BBD02A /* Controller */ = {
			isa = PBXGroup;
			children = (
				D6CB682517C5A98A00D290D7 /* InventoryTableCell.h */,
				D6CB682617C5A98A00D290D7 /* InventoryTableCell.m */,
				C5C26C4C17C4A5E70090CDC1 /* TCStoreHomeView.h */,
				C5C26C4D17C4A5E70090CDC1 /* TCStoreHomeView.m */,
				D6CB681E17C4A04500D290D7 /* TCInventoryViewController.h */,
				D6CB681F17C4A04500D290D7 /* TCInventoryViewController.m */,
				D6D2EC7317C4897400D12795 /* TCPriorityViewController.h */,
				D6D2EC7417C4897400D12795 /* TCPriorityViewController.m */,
				DC0383D417C453F900BBD02A /* TCBaseVwCtl.h */,
				DC0383D517C453F900BBD02A /* TCBaseVwCtl.m */,
				1C713C0717C2058100A903A6 /* TCViewController.h */,
				1C713C0817C2058100A903A6 /* TCViewController.m */,
				1C65E2E917C346A600FA94B2 /* TCRouteMapViewController.h */,
				1C65E2EA17C346A600FA94B2 /* TCRouteMapViewController.m */,
				DC0383C717C3463C00BBD02A /* TCLoginViewController.h */,
				DC0383C817C3463C00BBD02A /* TCLoginViewController.m */,
				DC0383CF17C360F400BBD02A /* TCDisclaimerVwCtl.h */,
				DC0383D017C360F400BBD02A /* TCDisclaimerVwCtl.m */,
				1C8187A617C45A0B00AF7AF0 /* TCMyDayController.h */,
				1C8187A717C45A0B00AF7AF0 /* TCMyDayController.m */,
				DC997A0017C60A010044C917 /* TCNavVwCtl.h */,
				DC997A0117C60A010044C917 /* TCNavVwCtl.m */,
			);
			name = Controller;
			sourceTree = "<group>";
		};
		DC0383A717C305C800BBD02A /* View */ = {
			isa = PBXGroup;
			children = (
				D6CB682317C5A65600D290D7 /* InventoryTableCell.xib */,
				D6CB682017C4A04500D290D7 /* TCInventoryViewController.xib */,
				D6D2EC7517C4897400D12795 /* TCPriorityViewController.xib */,
				DC0383D217C3614100BBD02A /* TCDisclaimerVwCtl.xib */,
				DC0383A817C3067B00BBD02A /* TCLoginViewController.xib */,
				1C713C0A17C2058100A903A6 /* TCViewController.xib */,
				1C65E2E517C33D6700FA94B2 /* TCRouteMapView.xib */,
				1C65E2E717C3416B00FA94B2 /* TCRouteTableView.xib */,
				1C8187A417C4569D00AF7AF0 /* TCMyDayCell.xib */,
				C5C26C4E17C4A5E70090CDC1 /* TCStoreHomeView.xib */,
			);
			name = View;
			sourceTree = "<group>";
		};
		DC0383C317C343D500BBD02A /* Utils */ = {
			isa = PBXGroup;
			children = (
				DC0383C417C3455A00BBD02A /* UIViewController+Utils.h */,
				DC0383C517C3455A00BBD02A /* UIViewController+Utils.m */,
				DC51EA0917C5A2BE00E5DD3C /* UIViewController+Torch.h */,
				DC51EA0A17C5A2BE00E5DD3C /* UIViewController+Torch.m */,
			);
			name = Utils;
			sourceTree = "<group>";
		};
/* End PBXGroup section */

/* Begin PBXNativeTarget section */
		1C713BEB17C2058000A903A6 /* Torch */ = {
			isa = PBXNativeTarget;
			buildConfigurationList = 1C713C2417C2058100A903A6 /* Build configuration list for PBXNativeTarget "Torch" */;
			buildPhases = (
				85E8ACE20DC944B380B09EAB /* Check Pods Manifest.lock */,
				1C713BE817C2058000A903A6 /* Sources */,
				1C713BE917C2058000A903A6 /* Frameworks */,
				1C713BEA17C2058000A903A6 /* Resources */,
				ED860B94875F45BB9E5B58F1 /* Copy Pods Resources */,
			);
			buildRules = (
			);
			dependencies = (
			);
			name = Torch;
			productName = Torch;
			productReference = 1C713BEC17C2058000A903A6 /* Torch.app */;
			productType = "com.apple.product-type.application";
		};
		1C713C1117C2058100A903A6 /* TorchTests */ = {
			isa = PBXNativeTarget;
			buildConfigurationList = 1C713C2717C2058100A903A6 /* Build configuration list for PBXNativeTarget "TorchTests" */;
			buildPhases = (
				1C713C0D17C2058100A903A6 /* Sources */,
				1C713C0E17C2058100A903A6 /* Frameworks */,
				1C713C0F17C2058100A903A6 /* Resources */,
				1C713C1017C2058100A903A6 /* ShellScript */,
			);
			buildRules = (
			);
			dependencies = (
				1C713C1817C2058100A903A6 /* PBXTargetDependency */,
			);
			name = TorchTests;
			productName = TorchTests;
			productReference = 1C713C1217C2058100A903A6 /* TorchTests.octest */;
			productType = "com.apple.product-type.bundle";
		};
/* End PBXNativeTarget section */

/* Begin PBXProject section */
		1C713BE417C2058000A903A6 /* Project object */ = {
			isa = PBXProject;
			attributes = {
				CLASSPREFIX = TC;
				LastUpgradeCheck = 0460;
				ORGANIZATIONNAME = Hershey;
			};
			buildConfigurationList = 1C713BE717C2058000A903A6 /* Build configuration list for PBXProject "Torch" */;
			compatibilityVersion = "Xcode 3.2";
			developmentRegion = English;
			hasScannedForEncodings = 0;
			knownRegions = (
				en,
			);
			mainGroup = 1C713BE317C2058000A903A6;
			productRefGroup = 1C713BED17C2058000A903A6 /* Products */;
			projectDirPath = "";
			projectRoot = "";
			targets = (
				1C713BEB17C2058000A903A6 /* Torch */,
				1C713C1117C2058100A903A6 /* TorchTests */,
			);
		};
/* End PBXProject section */

/* Begin PBXResourcesBuildPhase section */
		1C713BEA17C2058000A903A6 /* Resources */ = {
			isa = PBXResourcesBuildPhase;
			buildActionMask = 2147483647;
			files = (
				1C713BFA17C2058100A903A6 /* InfoPlist.strings in Resources */,
				1C713C0217C2058100A903A6 /* Default.png in Resources */,
				1C713C0417C2058100A903A6 /* Default@2x.png in Resources */,
				1C713C0617C2058100A903A6 /* Default-568h@2x.png in Resources */,
				1C713C0C17C2058100A903A6 /* TCViewController.xib in Resources */,
				DC0383A417C3044300BBD02A /* HersheysLogo.png in Resources */,
				DC0383A917C3067B00BBD02A /* TCLoginViewController.xib in Resources */,
				DC0383CC17C3469700BBD02A /* Localizable.strings in Resources */,
				1C65E2E617C33D6700FA94B2 /* TCRouteMapView.xib in Resources */,
				1C65E2E817C3416B00FA94B2 /* TCRouteTableView.xib in Resources */,
				DC0383D317C3614100BBD02A /* TCDisclaimerVwCtl.xib in Resources */,
				1C8187A517C4569D00AF7AF0 /* TCMyDayCell.xib in Resources */,
				DC0383D817C45C5000BBD02A /* HersheysBG.png in Resources */,
				1C8187AB17C490CA00AF7AF0 /* HelveticaNeueLTCom-Lt.ttf in Resources */,
				1C8187AD17C4930400AF7AF0 /* HelveticaNeueLTCom-Bd.ttf in Resources */,
				D6D2EC7717C4897400D12795 /* TCPriorityViewController.xib in Resources */,
				1C8187AF17C4969D00AF7AF0 /* HelveticaNeueLTCom-Md.ttf in Resources */,
				D6CB682217C4A04500D290D7 /* TCInventoryViewController.xib in Resources */,
				C5C26C4B17C4A37F0090CDC1 /* img__line.png in Resources */,
				C5C26C5017C4A5E70090CDC1 /* TCStoreHomeView.xib in Resources */,
				DC0383DF17C4CE7F00BBD02A /* loginBtn_bg.png in Resources */,
				DC0383E017C4CE7F00BBD02A /* loginBtn_border.png in Resources */,
				D6CB682417C5A65600D290D7 /* InventoryTableCell.xib in Resources */,
				C5C26C5417C5A5200090CDC1 /* sliderbg.png in Resources */,
				DC9979C317C5D4510044C917 /* navbar_bg.png in Resources */,
				DC9979C417C5D4510044C917 /* navbar_righticon.png in Resources */,
				1C40315617C5FB1F007D58CC /* client-pin.png in Resources */,
			);
			runOnlyForDeploymentPostprocessing = 0;
		};
		1C713C0F17C2058100A903A6 /* Resources */ = {
			isa = PBXResourcesBuildPhase;
			buildActionMask = 2147483647;
			files = (
				1C713C1E17C2058100A903A6 /* InfoPlist.strings in Resources */,
			);
			runOnlyForDeploymentPostprocessing = 0;
		};
/* End PBXResourcesBuildPhase section */

/* Begin PBXShellScriptBuildPhase section */
		1C713C1017C2058100A903A6 /* ShellScript */ = {
			isa = PBXShellScriptBuildPhase;
			buildActionMask = 2147483647;
			files = (
			);
			inputPaths = (
			);
			outputPaths = (
			);
			runOnlyForDeploymentPostprocessing = 0;
			shellPath = /bin/sh;
			shellScript = "# Run the unit tests in this test bundle.\n\"${SYSTEM_DEVELOPER_DIR}/Tools/RunUnitTests\"\n";
		};
		85E8ACE20DC944B380B09EAB /* Check Pods Manifest.lock */ = {
			isa = PBXShellScriptBuildPhase;
			buildActionMask = 2147483647;
			files = (
			);
			inputPaths = (
			);
			name = "Check Pods Manifest.lock";
			outputPaths = (
			);
			runOnlyForDeploymentPostprocessing = 0;
			shellPath = /bin/sh;
			shellScript = "diff \"${PODS_ROOT}/../Podfile.lock\" \"${PODS_ROOT}/Manifest.lock\" > /dev/null\nif [[ $? != 0 ]] ; then\n    cat << EOM\nerror: The sandbox is not in sync with the Podfile.lock. Run 'pod install' or update your CocoaPods installation.\nEOM\n    exit 1\nfi\n";
			showEnvVarsInLog = 0;
		};
		ED860B94875F45BB9E5B58F1 /* Copy Pods Resources */ = {
			isa = PBXShellScriptBuildPhase;
			buildActionMask = 2147483647;
			files = (
			);
			inputPaths = (
			);
			name = "Copy Pods Resources";
			outputPaths = (
			);
			runOnlyForDeploymentPostprocessing = 0;
			shellPath = /bin/sh;
			shellScript = "\"${SRCROOT}/../Pods/Pods-resources.sh\"\n";
			showEnvVarsInLog = 0;
		};
/* End PBXShellScriptBuildPhase section */

/* Begin PBXSourcesBuildPhase section */
		1C713BE817C2058000A903A6 /* Sources */ = {
			isa = PBXSourcesBuildPhase;
			buildActionMask = 2147483647;
			files = (
				1C713BFC17C2058100A903A6 /* main.m in Sources */,
				1C713C0017C2058100A903A6 /* TCAppDelegate.m in Sources */,
				1C713C0917C2058100A903A6 /* TCViewController.m in Sources */,
				1C65E2EB17C346A600FA94B2 /* TCRouteMapViewController.m in Sources */,
				DC0383C617C3455A00BBD02A /* UIViewController+Utils.m in Sources */,
				DC0383C917C3463C00BBD02A /* TCLoginViewController.m in Sources */,
				DC0383D117C360F400BBD02A /* TCDisclaimerVwCtl.m in Sources */,
				1C8187A817C45A0B00AF7AF0 /* TCMyDayController.m in Sources */,
				DC0383D617C453F900BBD02A /* TCBaseVwCtl.m in Sources */,
				D6D2EC7617C4897400D12795 /* TCPriorityViewController.m in Sources */,
				D6CB682117C4A04500D290D7 /* TCInventoryViewController.m in Sources */,
				C5C26C4F17C4A5E70090CDC1 /* TCStoreHomeView.m in Sources */,
				DC51EA0B17C5A2BE00E5DD3C /* UIViewController+Torch.m in Sources */,
				D6CB682717C5A98A00D290D7 /* InventoryTableCell.m in Sources */,
				DC997A0217C60A010044C917 /* TCNavVwCtl.m in Sources */,
			);
			runOnlyForDeploymentPostprocessing = 0;
		};
		1C713C0D17C2058100A903A6 /* Sources */ = {
			isa = PBXSourcesBuildPhase;
			buildActionMask = 2147483647;
			files = (
				1C713C2117C2058100A903A6 /* TorchTests.m in Sources */,
			);
			runOnlyForDeploymentPostprocessing = 0;
		};
/* End PBXSourcesBuildPhase section */

/* Begin PBXTargetDependency section */
		1C713C1817C2058100A903A6 /* PBXTargetDependency */ = {
			isa = PBXTargetDependency;
			target = 1C713BEB17C2058000A903A6 /* Torch */;
			targetProxy = 1C713C1717C2058100A903A6 /* PBXContainerItemProxy */;
		};
/* End PBXTargetDependency section */

/* Begin PBXVariantGroup section */
		1C713BF817C2058100A903A6 /* InfoPlist.strings */ = {
			isa = PBXVariantGroup;
			children = (
				1C713BF917C2058100A903A6 /* en */,
			);
			name = InfoPlist.strings;
			sourceTree = "<group>";
		};
		1C713C0A17C2058100A903A6 /* TCViewController.xib */ = {
			isa = PBXVariantGroup;
			children = (
				1C713C0B17C2058100A903A6 /* en */,
			);
			name = TCViewController.xib;
			sourceTree = "<group>";
		};
		1C713C1C17C2058100A903A6 /* InfoPlist.strings */ = {
			isa = PBXVariantGroup;
			children = (
				1C713C1D17C2058100A903A6 /* en */,
			);
			name = InfoPlist.strings;
			sourceTree = "<group>";
		};
		DC0383CE17C3469700BBD02A /* Localizable.strings */ = {
			isa = PBXVariantGroup;
			children = (
				DC0383CD17C3469700BBD02A /* en */,
			);
			name = Localizable.strings;
			sourceTree = "<group>";
		};
/* End PBXVariantGroup section */

/* Begin XCBuildConfiguration section */
		1C713C2217C2058100A903A6 /* Debug */ = {
			isa = XCBuildConfiguration;
			buildSettings = {
				ALWAYS_SEARCH_USER_PATHS = NO;
				CLANG_CXX_LANGUAGE_STANDARD = "gnu++0x";
				CLANG_CXX_LIBRARY = "libc++";
				CLANG_ENABLE_OBJC_ARC = YES;
				CLANG_WARN_CONSTANT_CONVERSION = YES;
				CLANG_WARN_EMPTY_BODY = YES;
				CLANG_WARN_ENUM_CONVERSION = YES;
				CLANG_WARN_INT_CONVERSION = YES;
				CLANG_WARN__DUPLICATE_METHOD_MATCH = YES;
				"CODE_SIGN_IDENTITY[sdk=iphoneos*]" = "iPhone Developer";
				COPY_PHASE_STRIP = NO;
				GCC_C_LANGUAGE_STANDARD = gnu99;
				GCC_DYNAMIC_NO_PIC = NO;
				GCC_OPTIMIZATION_LEVEL = 0;
				GCC_PREPROCESSOR_DEFINITIONS = (
					"DEBUG=1",
					"$(inherited)",
				);
				GCC_SYMBOLS_PRIVATE_EXTERN = NO;
				GCC_WARN_ABOUT_RETURN_TYPE = YES;
				GCC_WARN_UNINITIALIZED_AUTOS = YES;
				GCC_WARN_UNUSED_VARIABLE = YES;
				IPHONEOS_DEPLOYMENT_TARGET = 6.1;
				ONLY_ACTIVE_ARCH = YES;
				SDKROOT = iphoneos;
			};
			name = Debug;
		};
		1C713C2317C2058100A903A6 /* Release */ = {
			isa = XCBuildConfiguration;
			buildSettings = {
				ALWAYS_SEARCH_USER_PATHS = NO;
				CLANG_CXX_LANGUAGE_STANDARD = "gnu++0x";
				CLANG_CXX_LIBRARY = "libc++";
				CLANG_ENABLE_OBJC_ARC = YES;
				CLANG_WARN_CONSTANT_CONVERSION = YES;
				CLANG_WARN_EMPTY_BODY = YES;
				CLANG_WARN_ENUM_CONVERSION = YES;
				CLANG_WARN_INT_CONVERSION = YES;
				CLANG_WARN__DUPLICATE_METHOD_MATCH = YES;
				"CODE_SIGN_IDENTITY[sdk=iphoneos*]" = "iPhone Developer";
				COPY_PHASE_STRIP = YES;
				GCC_C_LANGUAGE_STANDARD = gnu99;
				GCC_WARN_ABOUT_RETURN_TYPE = YES;
				GCC_WARN_UNINITIALIZED_AUTOS = YES;
				GCC_WARN_UNUSED_VARIABLE = YES;
				IPHONEOS_DEPLOYMENT_TARGET = 6.1;
				OTHER_CFLAGS = "-DNS_BLOCK_ASSERTIONS=1";
				SDKROOT = iphoneos;
				VALIDATE_PRODUCT = YES;
			};
			name = Release;
		};
		1C713C2517C2058100A903A6 /* Debug */ = {
			isa = XCBuildConfiguration;
			baseConfigurationReference = FE8E8F30F3C5471C8179E1E7 /* Pods.xcconfig */;
			buildSettings = {
				GCC_PRECOMPILE_PREFIX_HEADER = YES;
				GCC_PREFIX_HEADER = "Torch/Torch-Prefix.pch";
				INFOPLIST_FILE = "Torch/Torch-Info.plist";
				PRODUCT_NAME = "$(TARGET_NAME)";
				WRAPPER_EXTENSION = app;
			};
			name = Debug;
		};
		1C713C2617C2058100A903A6 /* Release */ = {
			isa = XCBuildConfiguration;
			baseConfigurationReference = FE8E8F30F3C5471C8179E1E7 /* Pods.xcconfig */;
			buildSettings = {
				GCC_PRECOMPILE_PREFIX_HEADER = YES;
				GCC_PREFIX_HEADER = "Torch/Torch-Prefix.pch";
				INFOPLIST_FILE = "Torch/Torch-Info.plist";
				PRODUCT_NAME = "$(TARGET_NAME)";
				WRAPPER_EXTENSION = app;
			};
			name = Release;
		};
		1C713C2817C2058100A903A6 /* Debug */ = {
			isa = XCBuildConfiguration;
			buildSettings = {
				BUNDLE_LOADER = "$(BUILT_PRODUCTS_DIR)/Torch.app/Torch";
				FRAMEWORK_SEARCH_PATHS = (
					"\"$(SDKROOT)/Developer/Library/Frameworks\"",
					"\"$(DEVELOPER_LIBRARY_DIR)/Frameworks\"",
				);
				GCC_PRECOMPILE_PREFIX_HEADER = YES;
				GCC_PREFIX_HEADER = "Torch/Torch-Prefix.pch";
				INFOPLIST_FILE = "TorchTests/TorchTests-Info.plist";
				PRODUCT_NAME = "$(TARGET_NAME)";
				TEST_HOST = "$(BUNDLE_LOADER)";
				WRAPPER_EXTENSION = octest;
			};
			name = Debug;
		};
		1C713C2917C2058100A903A6 /* Release */ = {
			isa = XCBuildConfiguration;
			buildSettings = {
				BUNDLE_LOADER = "$(BUILT_PRODUCTS_DIR)/Torch.app/Torch";
				FRAMEWORK_SEARCH_PATHS = (
					"\"$(SDKROOT)/Developer/Library/Frameworks\"",
					"\"$(DEVELOPER_LIBRARY_DIR)/Frameworks\"",
				);
				GCC_PRECOMPILE_PREFIX_HEADER = YES;
				GCC_PREFIX_HEADER = "Torch/Torch-Prefix.pch";
				INFOPLIST_FILE = "TorchTests/TorchTests-Info.plist";
				PRODUCT_NAME = "$(TARGET_NAME)";
				TEST_HOST = "$(BUNDLE_LOADER)";
				WRAPPER_EXTENSION = octest;
			};
			name = Release;
		};
/* End XCBuildConfiguration section */

/* Begin XCConfigurationList section */
		1C713BE717C2058000A903A6 /* Build configuration list for PBXProject "Torch" */ = {
			isa = XCConfigurationList;
			buildConfigurations = (
				1C713C2217C2058100A903A6 /* Debug */,
				1C713C2317C2058100A903A6 /* Release */,
			);
			defaultConfigurationIsVisible = 0;
			defaultConfigurationName = Release;
		};
		1C713C2417C2058100A903A6 /* Build configuration list for PBXNativeTarget "Torch" */ = {
			isa = XCConfigurationList;
			buildConfigurations = (
				1C713C2517C2058100A903A6 /* Debug */,
				1C713C2617C2058100A903A6 /* Release */,
			);
			defaultConfigurationIsVisible = 0;
			defaultConfigurationName = Release;
		};
		1C713C2717C2058100A903A6 /* Build configuration list for PBXNativeTarget "TorchTests" */ = {
			isa = XCConfigurationList;
			buildConfigurations = (
				1C713C2817C2058100A903A6 /* Debug */,
				1C713C2917C2058100A903A6 /* Release */,
			);
			defaultConfigurationIsVisible = 0;
			defaultConfigurationName = Release;
		};
/* End XCConfigurationList section */
	};
	rootObject = 1C713BE417C2058000A903A6 /* Project object */;
}
